<?xml version="1.0" encoding="utf-8"?>
<Project ToolsVersion="4.0" xmlns="http://schemas.microsoft.com/developer/msbuild/2003">
  <ItemGroup>
    <FxCompile Include="BloomPS.hlsl" />
    <FxCompile Include="BlurPS.hlsl" />
    <FxCompile Include="BulletPS.hlsl" />
    <FxCompile Include="BulletVS.hlsl" />
    <FxCompile Include="ParticlePS.hlsl" />
    <FxCompile Include="ParticleVS.hlsl" />
    <FxCompile Include="PixelShader.hlsl" />
    <FxCompile Include="PPPS.hlsl" />
    <FxCompile Include="PPVS.hlsl" />
    <FxCompile Include="SkyboxPS.hlsl" />
    <FxCompile Include="SkyboxVS.hlsl" />
    <FxCompile Include="VertexShader.hlsl" />
    <FxCompile Include="ShipPS.hlsl" />
    <FxCompile Include="ShipVS.hlsl" />
  </ItemGroup>
  <ItemGroup>
    <ClCompile Include="Bullet.cpp" />
    <ClCompile Include="Camera.cpp" />
    <ClCompile Include="DXCore.cpp" />
    <ClCompile Include="DXRenderTarget.cpp" />
    <ClCompile Include="Entity.cpp" />
    <ClCompile Include="FireManager.cpp" />
    <ClCompile Include="Game.cpp" />
    <ClCompile Include="LightManager.cpp" />
    <ClCompile Include="Main.cpp" />
    <ClCompile Include="Material.cpp" />
    <ClCompile Include="Mesh.cpp" />
    <ClCompile Include="ParticleEmitter.cpp" />
    <ClCompile Include="Player.cpp" />
    <ClCompile Include="SimpleShader.cpp" />
    <ClCompile Include="Target.cpp" />
    <ClCompile Include="TargetManager.cpp" />
  </ItemGroup>
  <ItemGroup>
    <ClInclude Include="Bullet.h" />
    <ClInclude Include="Camera.h" />
    <ClInclude Include="DXCore.h" />
    <ClInclude Include="DXRenderTarget.h" />
    <ClInclude Include="Entity.h" />
    <ClInclude Include="FireManager.h" />
    <ClInclude Include="Game.h" />
    <ClInclude Include="LightManager.h" />
    <ClInclude Include="Lights.h" />
    <ClInclude Include="Material.h" />
    <ClInclude Include="Mesh.h" />
    <ClInclude Include="ParticleEmitter.h" />
    <ClInclude Include="Player.h" />
    <ClInclude Include="SimpleShader.h" />
    <ClInclude Include="Skybox.h" />
    <ClInclude Include="Target.h" />
    <ClInclude Include="TargetManager.h" />
    <ClInclude Include="Vertex.h" />
  </ItemGroup>
  <ItemGroup>
    <None Include="packages.config" />
  </ItemGroup>
</Project>